// !$*UTF8*$!
{
	archiveVersion = 1;
	classes = {
	};
	objectVersion = 46;
	objects = {

/* Begin PBXBuildFile section */
		8120FB3A1EF145A400F5FE74 /* AppDelegate.swift in Sources */ = {isa = PBXBuildFile; fileRef = 8120FB391EF145A400F5FE74 /* AppDelegate.swift */; };
		8120FB3C1EF145A400F5FE74 /* ViewController.swift in Sources */ = {isa = PBXBuildFile; fileRef = 8120FB3B1EF145A400F5FE74 /* ViewController.swift */; };
		8120FB3F1EF145A400F5FE74 /* Main.storyboard in Resources */ = {isa = PBXBuildFile; fileRef = 8120FB3D1EF145A400F5FE74 /* Main.storyboard */; };
		8120FB421EF145A400F5FE74 /* Stopwatch1.xcdatamodeld in Sources */ = {isa = PBXBuildFile; fileRef = 8120FB401EF145A400F5FE74 /* Stopwatch1.xcdatamodeld */; };
		8120FB441EF145A400F5FE74 /* Assets.xcassets in Resources */ = {isa = PBXBuildFile; fileRef = 8120FB431EF145A400F5FE74 /* Assets.xcassets */; };
		8120FB471EF145A400F5FE74 /* LaunchScreen.storyboard in Resources */ = {isa = PBXBuildFile; fileRef = 8120FB451EF145A400F5FE74 /* LaunchScreen.storyboard */; };
		8120FB521EF145A500F5FE74 /* Stopwatch1Tests.swift in Sources */ = {isa = PBXBuildFile; fileRef = 8120FB511EF145A500F5FE74 /* Stopwatch1Tests.swift */; };
		8120FB5D1EF145A500F5FE74 /* Stopwatch1UITests.swift in Sources */ = {isa = PBXBuildFile; fileRef = 8120FB5C1EF145A500F5FE74 /* Stopwatch1UITests.swift */; };
/* End PBXBuildFile section */

/* Begin PBXContainerItemProxy section */
		8120FB4E1EF145A500F5FE74 /* PBXContainerItemProxy */ = {
			isa = PBXContainerItemProxy;
			containerPortal = 8120FB2E1EF145A400F5FE74 /* Project object */;
			proxyType = 1;
			remoteGlobalIDString = 8120FB351EF145A400F5FE74;
			remoteInfo = Stopwatch1;
		};
		8120FB591EF145A500F5FE74 /* PBXContainerItemProxy */ = {
			isa = PBXContainerItemProxy;
			containerPortal = 8120FB2E1EF145A400F5FE74 /* Project object */;
			proxyType = 1;
			remoteGlobalIDString = 8120FB351EF145A400F5FE74;
			remoteInfo = Stopwatch1;
		};
/* End PBXContainerItemProxy section */

/* Begin PBXFileReference section */
		8120FB361EF145A400F5FE74 /* Stopwatch1.app */ = {isa = PBXFileReference; explicitFileType = wrapper.application; includeInIndex = 0; path = Stopwatch1.app; sourceTree = BUILT_PRODUCTS_DIR; };
		8120FB391EF145A400F5FE74 /* AppDelegate.swift */ = {isa = PBXFileReference; lastKnownFileType = sourcecode.swift; path = AppDelegate.swift; sourceTree = "<group>"; };
		8120FB3B1EF145A400F5FE74 /* ViewController.swift */ = {isa = PBXFileReference; lastKnownFileType = sourcecode.swift; path = ViewController.swift; sourceTree = "<group>"; };
		8120FB3E1EF145A400F5FE74 /* Base */ = {isa = PBXFileReference; lastKnownFileType = file.storyboard; name = Base; path = Base.lproj/Main.storyboard; sourceTree = "<group>"; };
		8120FB411EF145A400F5FE74 /* Stopwatch1.xcdatamodel */ = {isa = PBXFileReference; lastKnownFileType = wrapper.xcdatamodel; path = Stopwatch1.xcdatamodel; sourceTree = "<group>"; };
		8120FB431EF145A400F5FE74 /* Assets.xcassets */ = {isa = PBXFileReference; lastKnownFileType = folder.assetcatalog; path = Assets.xcassets; sourceTree = "<group>"; };
		8120FB461EF145A400F5FE74 /* Base */ = {isa = PBXFileReference; lastKnownFileType = file.storyboard; name = Base; path = Base.lproj/LaunchScreen.storyboard; sourceTree = "<group>"; };
		8120FB481EF145A400F5FE74 /* Info.plist */ = {isa = PBXFileReference; lastKnownFileType = text.plist.xml; path = Info.plist; sourceTree = "<group>"; };
		8120FB4D1EF145A500F5FE74 /* Stopwatch1Tests.xctest */ = {isa = PBXFileReference; explicitFileType = wrapper.cfbundle; includeInIndex = 0; path = Stopwatch1Tests.xctest; sourceTree = BUILT_PRODUCTS_DIR; };
		8120FB511EF145A500F5FE74 /* Stopwatch1Tests.swift */ = {isa = PBXFileReference; lastKnownFileType = sourcecode.swift; path = Stopwatch1Tests.swift; sourceTree = "<group>"; };
		8120FB531EF145A500F5FE74 /* Info.plist */ = {isa = PBXFileReference; lastKnownFileType = text.plist.xml; path = Info.plist; sourceTree = "<group>"; };
		8120FB581EF145A500F5FE74 /* Stopwatch1UITests.xctest */ = {isa = PBXFileReference; explicitFileType = wrapper.cfbundle; includeInIndex = 0; path = Stopwatch1UITests.xctest; sourceTree = BUILT_PRODUCTS_DIR; };
		8120FB5C1EF145A500F5FE74 /* Stopwatch1UITests.swift */ = {isa = PBXFileReference; lastKnownFileType = sourcecode.swift; path = Stopwatch1UITests.swift; sourceTree = "<group>"; };
		8120FB5E1EF145A500F5FE74 /* Info.plist */ = {isa = PBXFileReference; lastKnownFileType = text.plist.xml; path = Info.plist; sourceTree = "<group>"; };
/* End PBXFileReference section */

/* Begin PBXFrameworksBuildPhase section */
		8120FB331EF145A400F5FE74 /* Frameworks */ = {
			isa = PBXFrameworksBuildPhase;
			buildActionMask = 2147483647;
			files = (
			);
			runOnlyForDeploymentPostprocessing = 0;
		};
		8120FB4A1EF145A500F5FE74 /* Frameworks */ = {
			isa = PBXFrameworksBuildPhase;
			buildActionMask = 2147483647;
			files = (
			);
			runOnlyForDeploymentPostprocessing = 0;
		};
		8120FB551EF145A500F5FE74 /* Frameworks */ = {
			isa = PBXFrameworksBuildPhase;
			buildActionMask = 2147483647;
			files = (
			);
			runOnlyForDeploymentPostprocessing = 0;
		};
/* End PBXFrameworksBuildPhase section */

/* Begin PBXGroup section */
		8120FB2D1EF145A400F5FE74 = {
			isa = PBXGroup;
			children = (
				8120FB381EF145A400F5FE74 /* Stopwatch1 */,
				8120FB501EF145A500F5FE74 /* Stopwatch1Tests */,
				8120FB5B1EF145A500F5FE74 /* Stopwatch1UITests */,
				8120FB371EF145A400F5FE74 /* Products */,
			);
			sourceTree = "<group>";
		};
		8120FB371EF145A400F5FE74 /* Products */ = {
			isa = PBXGroup;
			children = (
				8120FB361EF145A400F5FE74 /* Stopwatch1.app */,
				8120FB4D1EF145A500F5FE74 /* Stopwatch1Tests.xctest */,
				8120FB581EF145A500F5FE74 /* Stopwatch1UITests.xctest */,
			);
			name = Products;
			sourceTree = "<group>";
		};
		8120FB381EF145A400F5FE74 /* Stopwatch1 */ = {
			isa = PBXGroup;
			children = (
				8120FB391EF145A400F5FE74 /* AppDelegate.swift */,
				8120FB3B1EF145A400F5FE74 /* ViewController.swift */,
				8120FB3D1EF145A400F5FE74 /* Main.storyboard */,
				8120FB431EF145A400F5FE74 /* Assets.xcassets */,
				8120FB451EF145A400F5FE74 /* LaunchScreen.storyboard */,
				8120FB481EF145A400F5FE74 /* Info.plist */,
				8120FB401EF145A400F5FE74 /* Stopwatch1.xcdatamodeld */,
			);
			path = Stopwatch1;
			sourceTree = "<group>";
		};
		8120FB501EF145A500F5FE74 /* Stopwatch1Tests */ = {
			isa = PBXGroup;
			children = (
				8120FB511EF145A500F5FE74 /* Stopwatch1Tests.swift */,
				8120FB531EF145A500F5FE74 /* Info.plist */,
			);
			path = Stopwatch1Tests;
			sourceTree = "<group>";
		};
		8120FB5B1EF145A500F5FE74 /* Stopwatch1UITests */ = {
			isa = PBXGroup;
			children = (
				8120FB5C1EF145A500F5FE74 /* Stopwatch1UITests.swift */,
				8120FB5E1EF145A500F5FE74 /* Info.plist */,
			);
			path = Stopwatch1UITests;
			sourceTree = "<group>";
		};
/* End PBXGroup section */

/* Begin PBXNativeTarget section */
		8120FB351EF145A400F5FE74 /* Stopwatch1 */ = {
			isa = PBXNativeTarget;
			buildConfigurationList = 8120FB611EF145A500F5FE74 /* Build configuration list for PBXNativeTarget "Stopwatch1" */;
			buildPhases = (
				8120FB321EF145A400F5FE74 /* Sources */,
				8120FB331EF145A400F5FE74 /* Frameworks */,
				8120FB341EF145A400F5FE74 /* Resources */,
			);
			buildRules = (
			);
			dependencies = (
			);
			name = Stopwatch1;
			productName = Stopwatch1;
			productReference = 8120FB361EF145A400F5FE74 /* Stopwatch1.app */;
			productType = "com.apple.product-type.application";
		};
		8120FB4C1EF145A500F5FE74 /* Stopwatch1Tests */ = {
			isa = PBXNativeTarget;
			buildConfigurationList = 8120FB641EF145A500F5FE74 /* Build configuration list for PBXNativeTarget "Stopwatch1Tests" */;
			buildPhases = (
				8120FB491EF145A500F5FE74 /* Sources */,
				8120FB4A1EF145A500F5FE74 /* Frameworks */,
				8120FB4B1EF145A500F5FE74 /* Resources */,
			);
			buildRules = (
			);
			dependencies = (
				8120FB4F1EF145A500F5FE74 /* PBXTargetDependency */,
			);
			name = Stopwatch1Tests;
			productName = Stopwatch1Tests;
			productReference = 8120FB4D1EF145A500F5FE74 /* Stopwatch1Tests.xctest */;
			productType = "com.apple.product-type.bundle.unit-test";
		};
		8120FB571EF145A500F5FE74 /* Stopwatch1UITests */ = {
			isa = PBXNativeTarget;
			buildConfigurationList = 8120FB671EF145A500F5FE74 /* Build configuration list for PBXNativeTarget "Stopwatch1UITests" */;
			buildPhases = (
				8120FB541EF145A500F5FE74 /* Sources */,
				8120FB551EF145A500F5FE74 /* Frameworks */,
				8120FB561EF145A500F5FE74 /* Resources */,
			);
			buildRules = (
			);
			dependencies = (
				8120FB5A1EF145A500F5FE74 /* PBXTargetDependency */,
			);
			name = Stopwatch1UITests;
			productName = Stopwatch1UITests;
			productReference = 8120FB581EF145A500F5FE74 /* Stopwatch1UITests.xctest */;
			productType = "com.apple.product-type.bundle.ui-testing";
		};
/* End PBXNativeTarget section */

/* Begin PBXProject section */
		8120FB2E1EF145A400F5FE74 /* Project object */ = {
			isa = PBXProject;
			attributes = {
				LastSwiftUpdateCheck = 0830;
				LastUpgradeCheck = 0830;
				ORGANIZATIONNAME = "Galym Anuarbek";
				TargetAttributes = {
					8120FB351EF145A400F5FE74 = {
						CreatedOnToolsVersion = 8.3.3;
						ProvisioningStyle = Automatic;
					};
					8120FB4C1EF145A500F5FE74 = {
						CreatedOnToolsVersion = 8.3.3;
						ProvisioningStyle = Automatic;
						TestTargetID = 8120FB351EF145A400F5FE74;
					};
					8120FB571EF145A500F5FE74 = {
						CreatedOnToolsVersion = 8.3.3;
						ProvisioningStyle = Automatic;
						TestTargetID = 8120FB351EF145A400F5FE74;
					};
				};
			};
			buildConfigurationList = 8120FB311EF145A400F5FE74 /* Build configuration list for PBXProject "Stopwatch1" */;
			compatibilityVersion = "Xcode 3.2";
			developmentRegion = English;
			hasScannedForEncodings = 0;
			knownRegions = (
				en,
				Base,
			);
			mainGroup = 8120FB2D1EF145A400F5FE74;
			productRefGroup = 8120FB371EF145A400F5FE74 /* Products */;
			projectDirPath = "";
			projectRoot = "";
			targets = (
				8120FB351EF145A400F5FE74 /* Stopwatch1 */,
				8120FB4C1EF145A500F5FE74 /* Stopwatch1Tests */,
				8120FB571EF145A500F5FE74 /* Stopwatch1UITests */,
			);
		};
/* End PBXProject section */

/* Begin PBXResourcesBuildPhase section */
		8120FB341EF145A400F5FE74 /* Resources */ = {
			isa = PBXResourcesBuildPhase;
			buildActionMask = 2147483647;
			files = (
				8120FB471EF145A400F5FE74 /* LaunchScreen.storyboard in Resources */,
				8120FB441EF145A400F5FE74 /* Assets.xcassets in Resources */,
				8120FB3F1EF145A400F5FE74 /* Main.storyboard in Resources */,
			);
			runOnlyForDeploymentPostprocessing = 0;
		};
		8120FB4B1EF145A500F5FE74 /* Resources */ = {
			isa = PBXResourcesBuildPhase;
			buildActionMask = 2147483647;
			files = (
			);
			runOnlyForDeploymentPostprocessing = 0;
		};
		8120FB561EF145A500F5FE74 /* Resources */ = {
			isa = PBXResourcesBuildPhase;
			buildActionMask = 2147483647;
			files = (
			);
			runOnlyForDeploymentPostprocessing = 0;
		};
/* End PBXResourcesBuildPhase section */

/* Begin PBXSourcesBuildPhase section */
		8120FB321EF145A400F5FE74 /* Sources */ = {
			isa = PBXSourcesBuildPhase;
			buildActionMask = 2147483647;
			files = (
				8120FB3C1EF145A400F5FE74 /* ViewController.swift in Sources */,
				8120FB3A1EF145A400F5FE74 /* AppDelegate.swift in Sources */,
				8120FB421EF145A400F5FE74 /* Stopwatch1.xcdatamodeld in Sources */,
			);
			runOnlyForDeploymentPostprocessing = 0;
		};
		8120FB491EF145A500F5FE74 /* Sources */ = {
			isa = PBXSourcesBuildPhase;
			buildActionMask = 2147483647;
			files = (
				8120FB521EF145A500F5FE74 /* Stopwatch1Tests.swift in Sources */,
			);
			runOnlyForDeploymentPostprocessing = 0;
		};
		8120FB541EF145A500F5FE74 /* Sources */ = {
			isa = PBXSourcesBuildPhase;
			buildActionMask = 2147483647;
			files = (
				8120FB5D1EF145A500F5FE74 /* Stopwatch1UITests.swift in Sources */,
			);
			runOnlyForDeploymentPostprocessing = 0;
		};
/* End PBXSourcesBuildPhase section */

/* Begin PBXTargetDependency section */
		8120FB4F1EF145A500F5FE74 /* PBXTargetDependency */ = {
			isa = PBXTargetDependency;
			target = 8120FB351EF145A400F5FE74 /* Stopwatch1 */;
			targetProxy = 8120FB4E1EF145A500F5FE74 /* PBXContainerItemProxy */;
		};
		8120FB5A1EF145A500F5FE74 /* PBXTargetDependency */ = {
			isa = PBXTargetDependency;
			target = 8120FB351EF145A400F5FE74 /* Stopwatch1 */;
			targetProxy = 8120FB591EF145A500F5FE74 /* PBXContainerItemProxy */;
		};
/* End PBXTargetDependency section */

/* Begin PBXVariantGroup section */
		8120FB3D1EF145A400F5FE74 /* Main.storyboard */ = {
			isa = PBXVariantGroup;
			children = (
				8120FB3E1EF145A400F5FE74 /* Base */,
			);
			name = Main.storyboard;
			sourceTree = "<group>";
		};
		8120FB451EF145A400F5FE74 /* LaunchScreen.storyboard */ = {
			isa = PBXVariantGroup;
			children = (
				8120FB461EF145A400F5FE74 /* Base */,
			);
			name = LaunchScreen.storyboard;
			sourceTree = "<group>";
		};
/* End PBXVariantGroup section */

/* Begin XCBuildConfiguration section */
		8120FB5F1EF145A500F5FE74 /* Debug */ = {
			isa = XCBuildConfiguration;
			buildSettings = {
				ALWAYS_SEARCH_USER_PATHS = NO;
				CLANG_ANALYZER_NONNULL = YES;
				CLANG_ANALYZER_NUMBER_OBJECT_CONVERSION = YES_AGGRESSIVE;
				CLANG_CXX_LANGUAGE_STANDARD = "gnu++0x";
				CLANG_CXX_LIBRARY = "libc++";
				CLANG_ENABLE_MODULES = YES;
				CLANG_ENABLE_OBJC_ARC = YES;
				CLANG_WARN_BOOL_CONVERSION = YES;
				CLANG_WARN_CONSTANT_CONVERSION = YES;
				CLANG_WARN_DIRECT_OBJC_ISA_USAGE = YES_ERROR;
				CLANG_WARN_DOCUMENTATION_COMMENTS = YES;
				CLANG_WARN_EMPTY_BODY = YES;
				CLANG_WARN_ENUM_CONVERSION = YES;
				CLANG_WARN_INFINITE_RECURSION = YES;
				CLANG_WARN_INT_CONVERSION = YES;
				CLANG_WARN_OBJC_ROOT_CLASS = YES_ERROR;
				CLANG_WARN_SUSPICIOUS_MOVE = YES;
				CLANG_WARN_UNREACHABLE_CODE = YES;
				CLANG_WARN__DUPLICATE_METHOD_MATCH = YES;
				"CODE_SIGN_IDENTITY[sdk=iphoneos*]" = "iPhone Developer";
				COPY_PHASE_STRIP = NO;
				DEBUG_INFORMATION_FORMAT = dwarf;
				ENABLE_STRICT_OBJC_MSGSEND = YES;
				ENABLE_TESTABILITY = YES;
				GCC_C_LANGUAGE_STANDARD = gnu99;
				GCC_DYNAMIC_NO_PIC = NO;
				GCC_NO_COMMON_BLOCKS = YES;
				GCC_OPTIMIZATION_LEVEL = 0;
				GCC_PREPROCESSOR_DEFINITIONS = (
					"DEBUG=1",
					"$(inherited)",
				);
				GCC_WARN_64_TO_32_BIT_CONVERSION = YES;
				GCC_WARN_ABOUT_RETURN_TYPE = YES_ERROR;
				GCC_WARN_UNDECLARED_SELECTOR = YES;
				GCC_WARN_UNINITIALIZED_AUTOS = YES_AGGRESSIVE;
				GCC_WARN_UNUSED_FUNCTION = YES;
				GCC_WARN_UNUSED_VARIABLE = YES;
				IPHONEOS_DEPLOYMENT_TARGET = 10.3;
				MTL_ENABLE_DEBUG_INFO = YES;
				ONLY_ACTIVE_ARCH = YES;
				SDKROOT = iphoneos;
				SWIFT_ACTIVE_COMPILATION_CONDITIONS = DEBUG;
				SWIFT_OPTIMIZATION_LEVEL = "-Onone";
				TARGETED_DEVICE_FAMILY = "1,2";
			};
			name = Debug;
		};
		8120FB601EF145A500F5FE74 /* Release */ = {
			isa = XCBuildConfiguration;
			buildSettings = {
				ALWAYS_SEARCH_USER_PATHS = NO;
				CLANG_ANALYZER_NONNULL = YES;
				CLANG_ANALYZER_NUMBER_OBJECT_CONVERSION = YES_AGGRESSIVE;
				CLANG_CXX_LANGUAGE_STANDARD = "gnu++0x";
				CLANG_CXX_LIBRARY = "libc++";
				CLANG_ENABLE_MODULES = YES;
				CLANG_ENABLE_OBJC_ARC = YES;
				CLANG_WARN_BOOL_CONVERSION = YES;
				CLANG_WARN_CONSTANT_CONVERSION = YES;
				CLANG_WARN_DIRECT_OBJC_ISA_USAGE = YES_ERROR;
				CLANG_WARN_DOCUMENTATION_COMMENTS = YES;
				CLANG_WARN_EMPTY_BODY = YES;
				CLANG_WARN_ENUM_CONVERSION = YES;
				CLANG_WARN_INFINITE_RECURSION = YES;
				CLANG_WARN_INT_CONVERSION = YES;
				CLANG_WARN_OBJC_ROOT_CLASS = YES_ERROR;
				CLANG_WARN_SUSPICIOUS_MOVE = YES;
				CLANG_WARN_UNREACHABLE_CODE = YES;
				CLANG_WARN__DUPLICATE_METHOD_MATCH = YES;
				"CODE_SIGN_IDENTITY[sdk=iphoneos*]" = "iPhone Developer";
				COPY_PHASE_STRIP = NO;
				DEBUG_INFORMATION_FORMAT = "dwarf-with-dsym";
				ENABLE_NS_ASSERTIONS = NO;
				ENABLE_STRICT_OBJC_MSGSEND = YES;
				GCC_C_LANGUAGE_STANDARD = gnu99;
				GCC_NO_COMMON_BLOCKS = YES;
				GCC_WARN_64_TO_32_BIT_CONVERSION = YES;
				GCC_WARN_ABOUT_RETURN_TYPE = YES_ERROR;
				GCC_WARN_UNDECLARED_SELECTOR = YES;
				GCC_WARN_UNINITIALIZED_AUTOS = YES_AGGRESSIVE;
				GCC_WARN_UNUSED_FUNCTION = YES;
				GCC_WARN_UNUSED_VARIABLE = YES;
				IPHONEOS_DEPLOYMENT_TARGET = 10.3;
				MTL_ENABLE_DEBUG_INFO = NO;
				SDKROOT = iphoneos;
				SWIFT_OPTIMIZATION_LEVEL = "-Owholemodule";
				TARGETED_DEVICE_FAMILY = "1,2";
				VALIDATE_PRODUCT = YES;
			};
			name = Release;
		};
		8120FB621EF145A500F5FE74 /* Debug */ = {
			isa = XCBuildConfiguration;
			buildSettings = {
				ASSETCATALOG_COMPILER_APPICON_NAME = AppIcon;
				INFOPLIST_FILE = Stopwatch1/Info.plist;
				LD_RUNPATH_SEARCH_PATHS = "$(inherited) @executable_path/Frameworks";
				PRODUCT_BUNDLE_IDENTIFIER = galymanuarbek.Stopwatch1;
				PRODUCT_NAME = "$(TARGET_NAME)";
				SWIFT_VERSION = 3.0;
			};
			name = Debug;
		};
		8120FB631EF145A500F5FE74 /* Release */ = {
			isa = XCBuildConfiguration;
			buildSettings = {
				ASSETCATALOG_COMPILER_APPICON_NAME = AppIcon;
				INFOPLIST_FILE = Stopwatch1/Info.plist;
				LD_RUNPATH_SEARCH_PATHS = "$(inherited) @executable_path/Frameworks";
				PRODUCT_BUNDLE_IDENTIFIER = galymanuarbek.Stopwatch1;
				PRODUCT_NAME = "$(TARGET_NAME)";
				SWIFT_VERSION = 3.0;
			};
			name = Release;
		};
		8120FB651EF145A500F5FE74 /* Debug */ = {
			isa = XCBuildConfiguration;
			buildSettings = {
				ALWAYS_EMBED_SWIFT_STANDARD_LIBRARIES = YES;
				BUNDLE_LOADER = "$(TEST_HOST)";
				INFOPLIST_FILE = Stopwatch1Tests/Info.plist;
				LD_RUNPATH_SEARCH_PATHS = "$(inherited) @executable_path/Frameworks @loader_path/Frameworks";
				PRODUCT_BUNDLE_IDENTIFIER = galymanuarbek.Stopwatch1Tests;
				PRODUCT_NAME = "$(TARGET_NAME)";
				SWIFT_VERSION = 3.0;
				TEST_HOST = "$(BUILT_PRODUCTS_DIR)/Stopwatch1.app/Stopwatch1";
			};
			name = Debug;
		};
		8120FB661EF145A500F5FE74 /* Release */ = {
			isa = XCBuildConfiguration;
			buildSettings = {
				ALWAYS_EMBED_SWIFT_STANDARD_LIBRARIES = YES;
				BUNDLE_LOADER = "$(TEST_HOST)";
				INFOPLIST_FILE = Stopwatch1Tests/Info.plist;
				LD_RUNPATH_SEARCH_PATHS = "$(inherited) @executable_path/Frameworks @loader_path/Frameworks";
				PRODUCT_BUNDLE_IDENTIFIER = galymanuarbek.Stopwatch1Tests;
				PRODUCT_NAME = "$(TARGET_NAME)";
				SWIFT_VERSION = 3.0;
				TEST_HOST = "$(BUILT_PRODUCTS_DIR)/Stopwatch1.app/Stopwatch1";
			};
			name = Release;
		};
		8120FB681EF145A500F5FE74 /* Debug */ = {
			isa = XCBuildConfiguration;
			buildSettings = {
				ALWAYS_EMBED_SWIFT_STANDARD_LIBRARIES = YES;
				INFOPLIST_FILE = Stopwatch1UITests/Info.plist;
				LD_RUNPATH_SEARCH_PATHS = "$(inherited) @executable_path/Frameworks @loader_path/Frameworks";
				PRODUCT_BUNDLE_IDENTIFIER = galymanuarbek.Stopwatch1UITests;
				PRODUCT_NAME = "$(TARGET_NAME)";
				SWIFT_VERSION = 3.0;
				TEST_TARGET_NAME = Stopwatch1;
			};
			name = Debug;
		};
		8120FB691EF145A500F5FE74 /* Release */ = {
			isa = XCBuildConfiguration;
			buildSettings = {
				ALWAYS_EMBED_SWIFT_STANDARD_LIBRARIES = YES;
				INFOPLIST_FILE = Stopwatch1UITests/Info.plist;
				LD_RUNPATH_SEARCH_PATHS = "$(inherited) @executable_path/Frameworks @loader_path/Frameworks";
				PRODUCT_BUNDLE_IDENTIFIER = galymanuarbek.Stopwatch1UITests;
				PRODUCT_NAME = "$(TARGET_NAME)";
				SWIFT_VERSION = 3.0;
				TEST_TARGET_NAME = Stopwatch1;
			};
			name = Release;
		};
/* End XCBuildConfiguration section */

/* Begin XCConfigurationList section */
		8120FB311EF145A400F5FE74 /* Build configuration list for PBXProject "Stopwatch1" */ = {
			isa = XCConfigurationList;
			buildConfigurations = (
				8120FB5F1EF145A500F5FE74 /* Debug */,
				8120FB601EF145A500F5FE74 /* Release */,
			);
			defaultConfigurationIsVisible = 0;
			defaultConfigurationName = Release;
		};
		8120FB611EF145A500F5FE74 /* Build configuration list for PBXNativeTarget "Stopwatch1" */ = {
			isa = XCConfigurationList;
			buildConfigurations = (
				8120FB621EF145A500F5FE74 /* Debug */,
				8120FB631EF145A500F5FE74 /* Release */,
			);
			defaultConfigurationIsVisible = 0;
		};
		8120FB641EF145A500F5FE74 /* Build configuration list for PBXNativeTarget "Stopwatch1Tests" */ = {
			isa = XCConfigurationList;
			buildConfigurations = (
				8120FB651EF145A500F5FE74 /* Debug */,
				8120FB661EF145A500F5FE74 /* Release */,
			);
			defaultConfigurationIsVisible = 0;
		};
		8120FB671EF145A500F5FE74 /* Build configuration list for PBXNativeTarget "Stopwatch1UITests" */ = {
			isa = XCConfigurationList;
			buildConfigurations = (
				8120FB681EF145A500F5FE74 /* Debug */,
				8120FB691EF145A500F5FE74 /* Release */,
			);
			defaultConfigurationIsVisible = 0;
		};
/* End XCConfigurationList section */

/* Begin XCVersionGroup section */
		8120FB401EF145A400F5FE74 /* Stopwatch1.xcdatamodeld */ = {
			isa = XCVersionGroup;
			children = (
				8120FB411EF145A400F5FE74 /* Stopwatch1.xcdatamodel */,
			);
			currentVersion = 8120FB411EF145A400F5FE74 /* Stopwatch1.xcdatamodel */;
			path = Stopwatch1.xcdatamodeld;
			sourceTree = "<group>";
			versionGroupType = wrapper.xcdatamodel;
		};
/* End XCVersionGroup section */
	};
	rootObject = 8120FB2E1EF145A400F5FE74 /* Project object */;
}
